Microsoft Visual Studio Solution File, Format Version 12.00
# Visual Studio Version 17
VisualStudioVersion = 17.5.2.0
MinimumVisualStudioVersion = 10.0.40219.1
Project("{FAE04EC0-301F-11D3-BF4B-00C04F79EFBC}") = "BooksService", "BooksService\BooksService.csproj", "{F1B8B73B-7FD7-A892-1D96-415071ABFCEB}"
EndProject
Global
	GlobalSection(SolutionConfigurationPlatforms) = preSolution
		Debug|Any CPU = Debug|Any CPU
		Release|Any CPU = Release|Any CPU
	EndGlobalSection
	GlobalSection(ProjectConfigurationPlatforms) = postSolution
		{F1B8B73B-7FD7-A892-1D96-415071ABFCEB}.Debug|Any CPU.ActiveCfg = Debug|Any CPU
		{F1B8B73B-7FD7-A892-1D96-415071ABFCEB}.Debug|Any CPU.Build.0 = Debug|Any CPU
		{F1B8B73B-7FD7-A892-1D96-415071ABFCEB}.Release|Any CPU.ActiveCfg = Release|Any CPU
		{F1B8B73B-7FD7-A892-1D96-415071ABFCEB}.Release|Any CPU.Build.0 = Release|Any CPU
	EndGlobalSection
	GlobalSection(SolutionProperties) = preSolution
		HideSolutionNode = FALSE
	EndGlobalSection
	GlobalSection(ExtensibilityGlobals) = postSolution
		SolutionGuid = {892DAC3A-7A28-421E-89E9-FDDF8C83DAF8}
	EndGlobalSection
EndGlobal
